
Microsoft Visual Studio Solution File, Format Version 12.00
# Visual Studio Version 16
VisualStudioVersion = 16.0.29123.88
MinimumVisualStudioVersion = 10.0.40219.1
Project("{FAE04EC0-301F-11D3-BF4B-00C04F79EFBC}") = "Assignemnt-1", "Assignemnt-1\Assignemnt-1.csproj", "{DDC34193-96BA-42FA-9F32-9CEE8FB9A668}"
EndProject
Global
	GlobalSection(SolutionConfigurationPlatforms) = preSolution
		Debug|Any CPU = Debug|Any CPU
		Release|Any CPU = Release|Any CPU
	EndGlobalSection
	GlobalSection(ProjectConfigurationPlatforms) = postSolution
		{DDC34193-96BA-42FA-9F32-9CEE8FB9A668}.Debug|Any CPU.ActiveCfg = Debug|Any CPU
		{DDC34193-96BA-42FA-9F32-9CEE8FB9A668}.Debug|Any CPU.Build.0 = Debug|Any CPU
		{DDC34193-96BA-42FA-9F32-9CEE8FB9A668}.Release|Any CPU.ActiveCfg = Release|Any CPU
		{DDC34193-96BA-42FA-9F32-9CEE8FB9A668}.Release|Any CPU.Build.0 = Release|Any CPU
	EndGlobalSection
	GlobalSection(SolutionProperties) = preSolution
		HideSolutionNode = FALSE
	EndGlobalSection
	GlobalSection(ExtensibilityGlobals) = postSolution
		SolutionGuid = {9C2362AE-6259-4736-84D7-D5CA44DF5CDF}
	EndGlobalSection
EndGlobal
